
Microsoft Visual Studio Solution File, Format Version 12.00
# Visual Studio Version 16
VisualStudioVersion = 16.0.31624.102
MinimumVisualStudioVersion = 10.0.40219.1
Project("{9A19103F-16F7-4668-BE54-9A1E7A4F7556}") = "ProductWeb.Client", "ProductWeb.Client\ProductWeb.Client.csproj", "{BA2F4AD5-823A-4A14-BCB3-F89799BAD92F}"
EndProject
Project("{FAE04EC0-301F-11D3-BF4B-00C04F79EFBC}") = "ProductWeb.Repository", "ProductWeb.Repository\ProductWeb.Repository.csproj", "{8374CFB4-3A0E-417D-81B2-EE11FBF1FB03}"
EndProject
Project("{FAE04EC0-301F-11D3-BF4B-00C04F79EFBC}") = "ProductWeb.Model", "ProductWeb.Model\ProductWeb.Model.csproj", "{3EAA4368-9DA6-47AF-AA4B-E8EBE27951C6}"
EndProject
Global
	GlobalSection(SolutionConfigurationPlatforms) = preSolution
		Debug|Any CPU = Debug|Any CPU
		Release|Any CPU = Release|Any CPU
	EndGlobalSection
	GlobalSection(ProjectConfigurationPlatforms) = postSolution
		{BA2F4AD5-823A-4A14-BCB3-F89799BAD92F}.Debug|Any CPU.ActiveCfg = Debug|Any CPU
		{BA2F4AD5-823A-4A14-BCB3-F89799BAD92F}.Debug|Any CPU.Build.0 = Debug|Any CPU
		{BA2F4AD5-823A-4A14-BCB3-F89799BAD92F}.Release|Any CPU.ActiveCfg = Release|Any CPU
		{BA2F4AD5-823A-4A14-BCB3-F89799BAD92F}.Release|Any CPU.Build.0 = Release|Any CPU
		{8374CFB4-3A0E-417D-81B2-EE11FBF1FB03}.Debug|Any CPU.ActiveCfg = Debug|Any CPU
		{8374CFB4-3A0E-417D-81B2-EE11FBF1FB03}.Debug|Any CPU.Build.0 = Debug|Any CPU
		{8374CFB4-3A0E-417D-81B2-EE11FBF1FB03}.Release|Any CPU.ActiveCfg = Release|Any CPU
		{8374CFB4-3A0E-417D-81B2-EE11FBF1FB03}.Release|Any CPU.Build.0 = Release|Any CPU
		{3EAA4368-9DA6-47AF-AA4B-E8EBE27951C6}.Debug|Any CPU.ActiveCfg = Debug|Any CPU
		{3EAA4368-9DA6-47AF-AA4B-E8EBE27951C6}.Debug|Any CPU.Build.0 = Debug|Any CPU
		{3EAA4368-9DA6-47AF-AA4B-E8EBE27951C6}.Release|Any CPU.ActiveCfg = Release|Any CPU
		{3EAA4368-9DA6-47AF-AA4B-E8EBE27951C6}.Release|Any CPU.Build.0 = Release|Any CPU
	EndGlobalSection
	GlobalSection(SolutionProperties) = preSolution
		HideSolutionNode = FALSE
	EndGlobalSection
	GlobalSection(ExtensibilityGlobals) = postSolution
		SolutionGuid = {356AC103-93FF-4B75-8D79-0A15E5EB9EDD}
	EndGlobalSection
EndGlobal
